
Microsoft Visual Studio Solution File, Format Version 12.00
# Visual Studio Version 17
VisualStudioVersion = 17.14.36327.8 d17.14
MinimumVisualStudioVersion = 10.0.40219.1
Project("{FAE04EC0-301F-11D3-BF4B-00C04F79EFBC}") = "API", "API.csproj", "{185F51E4-7106-40EC-AA3F-0F4F0CC9CB77}"
EndProject
Global
	GlobalSection(SolutionConfigurationPlatforms) = preSolution
		Debug|Any CPU = Debug|Any CPU
		Release|Any CPU = Release|Any CPU
	EndGlobalSection
	GlobalSection(ProjectConfigurationPlatforms) = postSolution
		{185F51E4-7106-40EC-AA3F-0F4F0CC9CB77}.Debug|Any CPU.ActiveCfg = Debug|Any CPU
		{185F51E4-7106-40EC-AA3F-0F4F0CC9CB77}.Debug|Any CPU.Build.0 = Debug|Any CPU
		{185F51E4-7106-40EC-AA3F-0F4F0CC9CB77}.Release|Any CPU.ActiveCfg = Release|Any CPU
		{185F51E4-7106-40EC-AA3F-0F4F0CC9CB77}.Release|Any CPU.Build.0 = Release|Any CPU
	EndGlobalSection
	GlobalSection(SolutionProperties) = preSolution
		HideSolutionNode = FALSE
	EndGlobalSection
	GlobalSection(ExtensibilityGlobals) = postSolution
		SolutionGuid = {3AD3E4D6-A434-4213-9D79-E1FF617A324C}
	EndGlobalSection
EndGlobal
